
Microsoft Visual Studio Solution File, Format Version 12.00
# Visual Studio Version 17
VisualStudioVersion = 17.14.36518.9 d17.14
MinimumVisualStudioVersion = 10.0.40219.1
Project("{888888A0-9F3D-457C-B088-3A5042F75D52}") = "parcial2propgrama5", "parcial2propgrama5.pyproj", "{64318EA1-B46E-4355-A9C8-B65FB1CFFE0E}"
EndProject
Global
	GlobalSection(SolutionConfigurationPlatforms) = preSolution
		Debug|Any CPU = Debug|Any CPU
		Release|Any CPU = Release|Any CPU
	EndGlobalSection
	GlobalSection(ProjectConfigurationPlatforms) = postSolution
		{64318EA1-B46E-4355-A9C8-B65FB1CFFE0E}.Debug|Any CPU.ActiveCfg = Debug|Any CPU
		{64318EA1-B46E-4355-A9C8-B65FB1CFFE0E}.Release|Any CPU.ActiveCfg = Release|Any CPU
	EndGlobalSection
	GlobalSection(SolutionProperties) = preSolution
		HideSolutionNode = FALSE
	EndGlobalSection
	GlobalSection(ExtensibilityGlobals) = postSolution
		SolutionGuid = {314954BA-A37B-4FEB-A633-5EEA9D736514}
	EndGlobalSection
EndGlobal
