
Microsoft Visual Studio Solution File, Format Version 12.00
# Visual Studio Version 17
VisualStudioVersion = 17.14.36518.9 d17.14
MinimumVisualStudioVersion = 10.0.40219.1
Project("{888888A0-9F3D-457C-B088-3A5042F75D52}") = "parcial2tareaventanas", "parcial2tareaventanas.pyproj", "{4C70F6F4-562C-46EE-B5BC-F57CC72044C5}"
EndProject
Global
	GlobalSection(SolutionConfigurationPlatforms) = preSolution
		Debug|Any CPU = Debug|Any CPU
		Release|Any CPU = Release|Any CPU
	EndGlobalSection
	GlobalSection(ProjectConfigurationPlatforms) = postSolution
		{4C70F6F4-562C-46EE-B5BC-F57CC72044C5}.Debug|Any CPU.ActiveCfg = Debug|Any CPU
		{4C70F6F4-562C-46EE-B5BC-F57CC72044C5}.Release|Any CPU.ActiveCfg = Release|Any CPU
	EndGlobalSection
	GlobalSection(SolutionProperties) = preSolution
		HideSolutionNode = FALSE
	EndGlobalSection
	GlobalSection(ExtensibilityGlobals) = postSolution
		SolutionGuid = {16B9B8BD-17EA-441B-AA59-C6867D4C7773}
	EndGlobalSection
EndGlobal
