
Microsoft Visual Studio Solution File, Format Version 12.00
# Visual Studio Version 17
VisualStudioVersion = 17.14.36518.9 d17.14
MinimumVisualStudioVersion = 10.0.40219.1
Project("{888888A0-9F3D-457C-B088-3A5042F75D52}") = "parcial2programa6", "parcial2programa6.pyproj", "{6EA77AA8-B08D-48B6-8C98-958AC97030EC}"
EndProject
Global
	GlobalSection(SolutionConfigurationPlatforms) = preSolution
		Debug|Any CPU = Debug|Any CPU
		Release|Any CPU = Release|Any CPU
	EndGlobalSection
	GlobalSection(ProjectConfigurationPlatforms) = postSolution
		{6EA77AA8-B08D-48B6-8C98-958AC97030EC}.Debug|Any CPU.ActiveCfg = Debug|Any CPU
		{6EA77AA8-B08D-48B6-8C98-958AC97030EC}.Release|Any CPU.ActiveCfg = Release|Any CPU
	EndGlobalSection
	GlobalSection(SolutionProperties) = preSolution
		HideSolutionNode = FALSE
	EndGlobalSection
	GlobalSection(ExtensibilityGlobals) = postSolution
		SolutionGuid = {34B5D106-3601-442F-B507-17C1A8B05DF5}
	EndGlobalSection
EndGlobal
