
Microsoft Visual Studio Solution File, Format Version 12.00
# Visual Studio Version 17
VisualStudioVersion = 17.14.36518.9 d17.14
MinimumVisualStudioVersion = 10.0.40219.1
Project("{888888A0-9F3D-457C-B088-3A5042F75D52}") = "Parcial2Programa1", "Parcial2Programa1.pyproj", "{865A471C-E0F2-4B2E-9E59-758A3E22976C}"
EndProject
Global
	GlobalSection(SolutionConfigurationPlatforms) = preSolution
		Debug|Any CPU = Debug|Any CPU
		Release|Any CPU = Release|Any CPU
	EndGlobalSection
	GlobalSection(ProjectConfigurationPlatforms) = postSolution
		{865A471C-E0F2-4B2E-9E59-758A3E22976C}.Debug|Any CPU.ActiveCfg = Debug|Any CPU
		{865A471C-E0F2-4B2E-9E59-758A3E22976C}.Release|Any CPU.ActiveCfg = Release|Any CPU
	EndGlobalSection
	GlobalSection(SolutionProperties) = preSolution
		HideSolutionNode = FALSE
	EndGlobalSection
	GlobalSection(ExtensibilityGlobals) = postSolution
		SolutionGuid = {DFB110F4-5FE3-46CA-9C8B-032456136360}
	EndGlobalSection
EndGlobal
