
Microsoft Visual Studio Solution File, Format Version 12.00
# Visual Studio Version 17
VisualStudioVersion = 17.14.36518.9 d17.14
MinimumVisualStudioVersion = 10.0.40219.1
Project("{888888A0-9F3D-457C-B088-3A5042F75D52}") = "Parcial2Programa8", "Parcial2Programa8.pyproj", "{2899BA6B-C941-4DB1-86FB-373386040748}"
EndProject
Global
	GlobalSection(SolutionConfigurationPlatforms) = preSolution
		Debug|Any CPU = Debug|Any CPU
		Release|Any CPU = Release|Any CPU
	EndGlobalSection
	GlobalSection(ProjectConfigurationPlatforms) = postSolution
		{2899BA6B-C941-4DB1-86FB-373386040748}.Debug|Any CPU.ActiveCfg = Debug|Any CPU
		{2899BA6B-C941-4DB1-86FB-373386040748}.Release|Any CPU.ActiveCfg = Release|Any CPU
	EndGlobalSection
	GlobalSection(SolutionProperties) = preSolution
		HideSolutionNode = FALSE
	EndGlobalSection
	GlobalSection(ExtensibilityGlobals) = postSolution
		SolutionGuid = {2BAF61CF-B0A8-4C5A-8E91-54190951347B}
	EndGlobalSection
EndGlobal
